// !$*UTF8*$!
{
	archiveVersion = 1;
	classes = {
	};
	objectVersion = 56;
	objects = {

/* Begin PBXBuildFile section */
		F8235CE82B74A14000E49073 /* SignUPInpuView.swift in Sources */ = {isa = PBXBuildFile; fileRef = F8235CE72B74A14000E49073 /* SignUPInpuView.swift */; };
		F8235CEB2B74A40900E49073 /* SignUpFirstProcessVC.swift in Sources */ = {isa = PBXBuildFile; fileRef = F8235CEA2B74A40900E49073 /* SignUpFirstProcessVC.swift */; };
		F8235CF12B74B54100E49073 /* SignUPSecondProcessVC.swift in Sources */ = {isa = PBXBuildFile; fileRef = F8235CF02B74B54100E49073 /* SignUPSecondProcessVC.swift */; };
		F8235CF42B74B77900E49073 /* SelectGenderView.swift in Sources */ = {isa = PBXBuildFile; fileRef = F8235CF32B74B77900E49073 /* SelectGenderView.swift */; };
		F8235CF62B764AD700E49073 /* SelectDateView.swift in Sources */ = {isa = PBXBuildFile; fileRef = F8235CF52B764AD700E49073 /* SelectDateView.swift */; };
		F8235CF92B765E2200E49073 /* DateModel.swift in Sources */ = {isa = PBXBuildFile; fileRef = F8235CF82B765E2200E49073 /* DateModel.swift */; };
		F8235CFD2B78C8D300E49073 /* SighUpThirdProcessVC.swift in Sources */ = {isa = PBXBuildFile; fileRef = F8235CFC2B78C8D300E49073 /* SighUpThirdProcessVC.swift */; };
		F850061B2B738D78007AB351 /* TermsVC.swift in Sources */ = {isa = PBXBuildFile; fileRef = F850061A2B738D78007AB351 /* TermsVC.swift */; };
		F850061E2B738FD7007AB351 /* TermsTableViewCell.swift in Sources */ = {isa = PBXBuildFile; fileRef = F850061D2B738FD7007AB351 /* TermsTableViewCell.swift */; };
		F85006202B739488007AB351 /* UIColor+Extension.swift in Sources */ = {isa = PBXBuildFile; fileRef = F850061F2B739488007AB351 /* UIColor+Extension.swift */; };
		F85006242B739C9D007AB351 /* AllCheckTermsView.swift in Sources */ = {isa = PBXBuildFile; fileRef = F85006232B739C9D007AB351 /* AllCheckTermsView.swift */; };
		F85344FA2B5F710A001EADE6 /* AppDelegate.swift in Sources */ = {isa = PBXBuildFile; fileRef = F85344F92B5F710A001EADE6 /* AppDelegate.swift */; };
		F85344FC2B5F710A001EADE6 /* SceneDelegate.swift in Sources */ = {isa = PBXBuildFile; fileRef = F85344FB2B5F710A001EADE6 /* SceneDelegate.swift */; };
		F85344FE2B5F710A001EADE6 /* AppStartVC.swift in Sources */ = {isa = PBXBuildFile; fileRef = F85344FD2B5F710A001EADE6 /* AppStartVC.swift */; };
		F85345032B5F710B001EADE6 /* Assets.xcassets in Resources */ = {isa = PBXBuildFile; fileRef = F85345022B5F710B001EADE6 /* Assets.xcassets */; };
		F85345062B5F710B001EADE6 /* LaunchScreen.storyboard in Resources */ = {isa = PBXBuildFile; fileRef = F85345042B5F710B001EADE6 /* LaunchScreen.storyboard */; };
		F853450F2B5F7152001EADE6 /* SnapKit in Frameworks */ = {isa = PBXBuildFile; productRef = F853450E2B5F7152001EADE6 /* SnapKit */; };
		F85345232B5F7A49001EADE6 /* Pretendard-ExtraBold.otf in Resources */ = {isa = PBXBuildFile; fileRef = F853451A2B5F7A49001EADE6 /* Pretendard-ExtraBold.otf */; };
		F85345242B5F7A49001EADE6 /* Pretendard-Regular.otf in Resources */ = {isa = PBXBuildFile; fileRef = F853451B2B5F7A49001EADE6 /* Pretendard-Regular.otf */; };
		F85345252B5F7A49001EADE6 /* Pretendard-ExtraLight.otf in Resources */ = {isa = PBXBuildFile; fileRef = F853451C2B5F7A49001EADE6 /* Pretendard-ExtraLight.otf */; };
		F85345262B5F7A49001EADE6 /* Pretendard-Black.otf in Resources */ = {isa = PBXBuildFile; fileRef = F853451D2B5F7A49001EADE6 /* Pretendard-Black.otf */; };
		F85345272B5F7A49001EADE6 /* Pretendard-Bold.otf in Resources */ = {isa = PBXBuildFile; fileRef = F853451E2B5F7A49001EADE6 /* Pretendard-Bold.otf */; };
		F85345282B5F7A49001EADE6 /* Pretendard-Thin.otf in Resources */ = {isa = PBXBuildFile; fileRef = F853451F2B5F7A49001EADE6 /* Pretendard-Thin.otf */; };
		F85345292B5F7A49001EADE6 /* Pretendard-Light.otf in Resources */ = {isa = PBXBuildFile; fileRef = F85345202B5F7A49001EADE6 /* Pretendard-Light.otf */; };
		F853452A2B5F7A49001EADE6 /* Pretendard-Medium.otf in Resources */ = {isa = PBXBuildFile; fileRef = F85345212B5F7A49001EADE6 /* Pretendard-Medium.otf */; };
		F853452B2B5F7A49001EADE6 /* Pretendard-SemiBold.otf in Resources */ = {isa = PBXBuildFile; fileRef = F85345222B5F7A49001EADE6 /* Pretendard-SemiBold.otf */; };
		F853452D2B5F80C6001EADE6 /* FontRelate.swift in Sources */ = {isa = PBXBuildFile; fileRef = F853452C2B5F80C6001EADE6 /* FontRelate.swift */; };
		F85345342B5F88FB001EADE6 /* UIView+Extesnion.swift in Sources */ = {isa = PBXBuildFile; fileRef = F85345332B5F88FB001EADE6 /* UIView+Extesnion.swift */; };
		F85345362B5F8961001EADE6 /* Spacing.swift in Sources */ = {isa = PBXBuildFile; fileRef = F85345352B5F8961001EADE6 /* Spacing.swift */; };
		F85345382B5F8CB7001EADE6 /* PrimaryColorButton.swift in Sources */ = {isa = PBXBuildFile; fileRef = F85345372B5F8CB7001EADE6 /* PrimaryColorButton.swift */; };
		F862C8102B622601008120FA /* UILabel+Extension.swift in Sources */ = {isa = PBXBuildFile; fileRef = F862C80F2B622601008120FA /* UILabel+Extension.swift */; };
		F8A15E932B60CE88001DE5E4 /* LoginVC.swift in Sources */ = {isa = PBXBuildFile; fileRef = F8A15E922B60CE88001DE5E4 /* LoginVC.swift */; };
		F8A15E952B60DA40001DE5E4 /* UIStackView+Extesnion.swift in Sources */ = {isa = PBXBuildFile; fileRef = F8A15E942B60DA40001DE5E4 /* UIStackView+Extesnion.swift */; };
		F8A15E972B60E7B2001DE5E4 /* PaddingTextField.swift in Sources */ = {isa = PBXBuildFile; fileRef = F8A15E962B60E7B2001DE5E4 /* PaddingTextField.swift */; };
		F8A15E9A2B60F128001DE5E4 /* FindPasswordVC.swift in Sources */ = {isa = PBXBuildFile; fileRef = F8A15E992B60F128001DE5E4 /* FindPasswordVC.swift */; };
		F8A15E9C2B60F427001DE5E4 /* UIViewController+Extension.swift in Sources */ = {isa = PBXBuildFile; fileRef = F8A15E9B2B60F427001DE5E4 /* UIViewController+Extension.swift */; };
		F8BE89D92B807646008E6767 /* TabBarController.swift in Sources */ = {isa = PBXBuildFile; fileRef = F8BE89D82B807646008E6767 /* TabBarController.swift */; };
		F8BE89DF2B80770F008E6767 /* HomeVC.swift in Sources */ = {isa = PBXBuildFile; fileRef = F8BE89DE2B80770F008E6767 /* HomeVC.swift */; };
		F8BE89E12B80778E008E6767 /* RequestStatusVC.swift in Sources */ = {isa = PBXBuildFile; fileRef = F8BE89E02B80778E008E6767 /* RequestStatusVC.swift */; };
		F8BE89E32B8077A9008E6767 /* ChatVC.swift in Sources */ = {isa = PBXBuildFile; fileRef = F8BE89E22B8077A9008E6767 /* ChatVC.swift */; };
		F8BE89E52B8078BA008E6767 /* MyPageVC.swift in Sources */ = {isa = PBXBuildFile; fileRef = F8BE89E42B8078BA008E6767 /* MyPageVC.swift */; };
		F8BE8A0C2B81FAE7008E6767 /* AdvertCollectionViewCell.swift in Sources */ = {isa = PBXBuildFile; fileRef = F8BE8A0B2B81FAE7008E6767 /* AdvertCollectionViewCell.swift */; };
		F8BE8A0E2B82031A008E6767 /* DateBoardTableViewCell.swift in Sources */ = {isa = PBXBuildFile; fileRef = F8BE8A0D2B82031A008E6767 /* DateBoardTableViewCell.swift */; };
		F8BE8A112B820453008E6767 /* DateBoardModel.swift in Sources */ = {isa = PBXBuildFile; fileRef = F8BE8A102B820453008E6767 /* DateBoardModel.swift */; };
		F8BE8A142B8207EA008E6767 /* DateBoardTableViewHeader.swift in Sources */ = {isa = PBXBuildFile; fileRef = F8BE8A132B8207EA008E6767 /* DateBoardTableViewHeader.swift */; };
		F8BE8A172B820BBA008E6767 /* DateBoardVC.swift in Sources */ = {isa = PBXBuildFile; fileRef = F8BE8A162B820BBA008E6767 /* DateBoardVC.swift */; };
		F8BE8A192B820E66008E6767 /* BackButton.swift in Sources */ = {isa = PBXBuildFile; fileRef = F8BE8A182B820E66008E6767 /* BackButton.swift */; };
		F8BE8A1B2B82127A008E6767 /* DetailDateBoardTableViewCell.swift in Sources */ = {isa = PBXBuildFile; fileRef = F8BE8A1A2B82127A008E6767 /* DetailDateBoardTableViewCell.swift */; };
		F8BE8A1D2B821372008E6767 /* DetailDateBoardModel.swift in Sources */ = {isa = PBXBuildFile; fileRef = F8BE8A1C2B821372008E6767 /* DetailDateBoardModel.swift */; };
/* End PBXBuildFile section */

/* Begin PBXFileReference section */
		F8235CE72B74A14000E49073 /* SignUPInpuView.swift */ = {isa = PBXFileReference; lastKnownFileType = sourcecode.swift; path = SignUPInpuView.swift; sourceTree = "<group>"; };
		F8235CEA2B74A40900E49073 /* SignUpFirstProcessVC.swift */ = {isa = PBXFileReference; lastKnownFileType = sourcecode.swift; path = SignUpFirstProcessVC.swift; sourceTree = "<group>"; };
		F8235CF02B74B54100E49073 /* SignUPSecondProcessVC.swift */ = {isa = PBXFileReference; lastKnownFileType = sourcecode.swift; path = SignUPSecondProcessVC.swift; sourceTree = "<group>"; };
		F8235CF32B74B77900E49073 /* SelectGenderView.swift */ = {isa = PBXFileReference; lastKnownFileType = sourcecode.swift; path = SelectGenderView.swift; sourceTree = "<group>"; };
		F8235CF52B764AD700E49073 /* SelectDateView.swift */ = {isa = PBXFileReference; lastKnownFileType = sourcecode.swift; path = SelectDateView.swift; sourceTree = "<group>"; };
		F8235CF82B765E2200E49073 /* DateModel.swift */ = {isa = PBXFileReference; lastKnownFileType = sourcecode.swift; path = DateModel.swift; sourceTree = "<group>"; };
		F8235CFC2B78C8D300E49073 /* SighUpThirdProcessVC.swift */ = {isa = PBXFileReference; lastKnownFileType = sourcecode.swift; path = SighUpThirdProcessVC.swift; sourceTree = "<group>"; };
		F850061A2B738D78007AB351 /* TermsVC.swift */ = {isa = PBXFileReference; lastKnownFileType = sourcecode.swift; path = TermsVC.swift; sourceTree = "<group>"; };
		F850061D2B738FD7007AB351 /* TermsTableViewCell.swift */ = {isa = PBXFileReference; lastKnownFileType = sourcecode.swift; path = TermsTableViewCell.swift; sourceTree = "<group>"; };
		F850061F2B739488007AB351 /* UIColor+Extension.swift */ = {isa = PBXFileReference; lastKnownFileType = sourcecode.swift; path = "UIColor+Extension.swift"; sourceTree = "<group>"; };
		F85006232B739C9D007AB351 /* AllCheckTermsView.swift */ = {isa = PBXFileReference; lastKnownFileType = sourcecode.swift; path = AllCheckTermsView.swift; sourceTree = "<group>"; };
		F85344F62B5F710A001EADE6 /* GNUting.app */ = {isa = PBXFileReference; explicitFileType = wrapper.application; includeInIndex = 0; path = GNUting.app; sourceTree = BUILT_PRODUCTS_DIR; };
		F85344F92B5F710A001EADE6 /* AppDelegate.swift */ = {isa = PBXFileReference; lastKnownFileType = sourcecode.swift; path = AppDelegate.swift; sourceTree = "<group>"; };
		F85344FB2B5F710A001EADE6 /* SceneDelegate.swift */ = {isa = PBXFileReference; lastKnownFileType = sourcecode.swift; path = SceneDelegate.swift; sourceTree = "<group>"; };
		F85344FD2B5F710A001EADE6 /* AppStartVC.swift */ = {isa = PBXFileReference; lastKnownFileType = sourcecode.swift; path = AppStartVC.swift; sourceTree = "<group>"; };
		F85345022B5F710B001EADE6 /* Assets.xcassets */ = {isa = PBXFileReference; lastKnownFileType = folder.assetcatalog; path = Assets.xcassets; sourceTree = "<group>"; };
		F85345052B5F710B001EADE6 /* Base */ = {isa = PBXFileReference; lastKnownFileType = file.storyboard; name = Base; path = Base.lproj/LaunchScreen.storyboard; sourceTree = "<group>"; };
		F85345072B5F710B001EADE6 /* Info.plist */ = {isa = PBXFileReference; lastKnownFileType = text.plist.xml; path = Info.plist; sourceTree = "<group>"; };
		F853451A2B5F7A49001EADE6 /* Pretendard-ExtraBold.otf */ = {isa = PBXFileReference; lastKnownFileType = file; path = "Pretendard-ExtraBold.otf"; sourceTree = "<group>"; };
		F853451B2B5F7A49001EADE6 /* Pretendard-Regular.otf */ = {isa = PBXFileReference; lastKnownFileType = file; path = "Pretendard-Regular.otf"; sourceTree = "<group>"; };
		F853451C2B5F7A49001EADE6 /* Pretendard-ExtraLight.otf */ = {isa = PBXFileReference; lastKnownFileType = file; path = "Pretendard-ExtraLight.otf"; sourceTree = "<group>"; };
		F853451D2B5F7A49001EADE6 /* Pretendard-Black.otf */ = {isa = PBXFileReference; lastKnownFileType = file; path = "Pretendard-Black.otf"; sourceTree = "<group>"; };
		F853451E2B5F7A49001EADE6 /* Pretendard-Bold.otf */ = {isa = PBXFileReference; lastKnownFileType = file; path = "Pretendard-Bold.otf"; sourceTree = "<group>"; };
		F853451F2B5F7A49001EADE6 /* Pretendard-Thin.otf */ = {isa = PBXFileReference; lastKnownFileType = file; path = "Pretendard-Thin.otf"; sourceTree = "<group>"; };
		F85345202B5F7A49001EADE6 /* Pretendard-Light.otf */ = {isa = PBXFileReference; lastKnownFileType = file; path = "Pretendard-Light.otf"; sourceTree = "<group>"; };
		F85345212B5F7A49001EADE6 /* Pretendard-Medium.otf */ = {isa = PBXFileReference; lastKnownFileType = file; path = "Pretendard-Medium.otf"; sourceTree = "<group>"; };
		F85345222B5F7A49001EADE6 /* Pretendard-SemiBold.otf */ = {isa = PBXFileReference; lastKnownFileType = file; path = "Pretendard-SemiBold.otf"; sourceTree = "<group>"; };
		F853452C2B5F80C6001EADE6 /* FontRelate.swift */ = {isa = PBXFileReference; lastKnownFileType = sourcecode.swift; path = FontRelate.swift; sourceTree = "<group>"; };
		F85345332B5F88FB001EADE6 /* UIView+Extesnion.swift */ = {isa = PBXFileReference; lastKnownFileType = sourcecode.swift; path = "UIView+Extesnion.swift"; sourceTree = "<group>"; };
		F85345352B5F8961001EADE6 /* Spacing.swift */ = {isa = PBXFileReference; lastKnownFileType = sourcecode.swift; path = Spacing.swift; sourceTree = "<group>"; };
		F85345372B5F8CB7001EADE6 /* PrimaryColorButton.swift */ = {isa = PBXFileReference; lastKnownFileType = sourcecode.swift; path = PrimaryColorButton.swift; sourceTree = "<group>"; };
		F862C80F2B622601008120FA /* UILabel+Extension.swift */ = {isa = PBXFileReference; lastKnownFileType = sourcecode.swift; path = "UILabel+Extension.swift"; sourceTree = "<group>"; };
		F8A15E922B60CE88001DE5E4 /* LoginVC.swift */ = {isa = PBXFileReference; lastKnownFileType = sourcecode.swift; path = LoginVC.swift; sourceTree = "<group>"; };
		F8A15E942B60DA40001DE5E4 /* UIStackView+Extesnion.swift */ = {isa = PBXFileReference; lastKnownFileType = sourcecode.swift; path = "UIStackView+Extesnion.swift"; sourceTree = "<group>"; };
		F8A15E962B60E7B2001DE5E4 /* PaddingTextField.swift */ = {isa = PBXFileReference; lastKnownFileType = sourcecode.swift; path = PaddingTextField.swift; sourceTree = "<group>"; };
		F8A15E992B60F128001DE5E4 /* FindPasswordVC.swift */ = {isa = PBXFileReference; lastKnownFileType = sourcecode.swift; path = FindPasswordVC.swift; sourceTree = "<group>"; };
		F8A15E9B2B60F427001DE5E4 /* UIViewController+Extension.swift */ = {isa = PBXFileReference; lastKnownFileType = sourcecode.swift; path = "UIViewController+Extension.swift"; sourceTree = "<group>"; };
		F8BE89D82B807646008E6767 /* TabBarController.swift */ = {isa = PBXFileReference; lastKnownFileType = sourcecode.swift; path = TabBarController.swift; sourceTree = "<group>"; };
		F8BE89DE2B80770F008E6767 /* HomeVC.swift */ = {isa = PBXFileReference; lastKnownFileType = sourcecode.swift; path = HomeVC.swift; sourceTree = "<group>"; };
		F8BE89E02B80778E008E6767 /* RequestStatusVC.swift */ = {isa = PBXFileReference; lastKnownFileType = sourcecode.swift; path = RequestStatusVC.swift; sourceTree = "<group>"; };
		F8BE89E22B8077A9008E6767 /* ChatVC.swift */ = {isa = PBXFileReference; lastKnownFileType = sourcecode.swift; path = ChatVC.swift; sourceTree = "<group>"; };
		F8BE89E42B8078BA008E6767 /* MyPageVC.swift */ = {isa = PBXFileReference; lastKnownFileType = sourcecode.swift; path = MyPageVC.swift; sourceTree = "<group>"; };
		F8BE8A0B2B81FAE7008E6767 /* AdvertCollectionViewCell.swift */ = {isa = PBXFileReference; lastKnownFileType = sourcecode.swift; path = AdvertCollectionViewCell.swift; sourceTree = "<group>"; };
		F8BE8A0D2B82031A008E6767 /* DateBoardTableViewCell.swift */ = {isa = PBXFileReference; lastKnownFileType = sourcecode.swift; path = DateBoardTableViewCell.swift; sourceTree = "<group>"; };
		F8BE8A102B820453008E6767 /* DateBoardModel.swift */ = {isa = PBXFileReference; lastKnownFileType = sourcecode.swift; path = DateBoardModel.swift; sourceTree = "<group>"; };
		F8BE8A132B8207EA008E6767 /* DateBoardTableViewHeader.swift */ = {isa = PBXFileReference; lastKnownFileType = sourcecode.swift; path = DateBoardTableViewHeader.swift; sourceTree = "<group>"; };
		F8BE8A162B820BBA008E6767 /* DateBoardVC.swift */ = {isa = PBXFileReference; lastKnownFileType = sourcecode.swift; path = DateBoardVC.swift; sourceTree = "<group>"; };
		F8BE8A182B820E66008E6767 /* BackButton.swift */ = {isa = PBXFileReference; lastKnownFileType = sourcecode.swift; path = BackButton.swift; sourceTree = "<group>"; };
		F8BE8A1A2B82127A008E6767 /* DetailDateBoardTableViewCell.swift */ = {isa = PBXFileReference; lastKnownFileType = sourcecode.swift; path = DetailDateBoardTableViewCell.swift; sourceTree = "<group>"; };
		F8BE8A1C2B821372008E6767 /* DetailDateBoardModel.swift */ = {isa = PBXFileReference; lastKnownFileType = sourcecode.swift; path = DetailDateBoardModel.swift; sourceTree = "<group>"; };
/* End PBXFileReference section */

/* Begin PBXFrameworksBuildPhase section */
		F85344F32B5F710A001EADE6 /* Frameworks */ = {
			isa = PBXFrameworksBuildPhase;
			buildActionMask = 2147483647;
			files = (
				F853450F2B5F7152001EADE6 /* SnapKit in Frameworks */,
			);
			runOnlyForDeploymentPostprocessing = 0;
		};
/* End PBXFrameworksBuildPhase section */

/* Begin PBXGroup section */
		F8235CE42B749E5300E49073 /* Common */ = {
			isa = PBXGroup;
			children = (
				F8235CE72B74A14000E49073 /* SignUPInpuView.swift */,
			);
			path = Common;
			sourceTree = "<group>";
		};
		F8235CE92B74A3E500E49073 /* SignUpProcess */ = {
			isa = PBXGroup;
			children = (
				F8235CF72B765E1200E49073 /* model */,
				F8235CF22B74B75D00E49073 /* ViewComponent */,
				F8235CEF2B74B52800E49073 /* VC */,
				F8235CE42B749E5300E49073 /* Common */,
			);
			path = SignUpProcess;
			sourceTree = "<group>";
		};
		F8235CEE2B74B51100E49073 /* ViewComponent */ = {
			isa = PBXGroup;
			children = (
				F850061D2B738FD7007AB351 /* TermsTableViewCell.swift */,
				F85006232B739C9D007AB351 /* AllCheckTermsView.swift */,
			);
			path = ViewComponent;
			sourceTree = "<group>";
		};
		F8235CEF2B74B52800E49073 /* VC */ = {
			isa = PBXGroup;
			children = (
				F8235CEA2B74A40900E49073 /* SignUpFirstProcessVC.swift */,
				F8235CF02B74B54100E49073 /* SignUPSecondProcessVC.swift */,
				F8235CFC2B78C8D300E49073 /* SighUpThirdProcessVC.swift */,
			);
			path = VC;
			sourceTree = "<group>";
		};
		F8235CF22B74B75D00E49073 /* ViewComponent */ = {
			isa = PBXGroup;
			children = (
				F8235CF32B74B77900E49073 /* SelectGenderView.swift */,
				F8235CF52B764AD700E49073 /* SelectDateView.swift */,
			);
			path = ViewComponent;
			sourceTree = "<group>";
		};
		F8235CF72B765E1200E49073 /* model */ = {
			isa = PBXGroup;
			children = (
				F8235CF82B765E2200E49073 /* DateModel.swift */,
			);
			path = model;
			sourceTree = "<group>";
		};
		F85006172B738D48007AB351 /* SignUp */ = {
			isa = PBXGroup;
			children = (
				F8235CE92B74A3E500E49073 /* SignUpProcess */,
				F850061C2B738FB9007AB351 /* Terms */,
			);
			path = SignUp;
			sourceTree = "<group>";
		};
		F850061C2B738FB9007AB351 /* Terms */ = {
			isa = PBXGroup;
			children = (
				F8235CEE2B74B51100E49073 /* ViewComponent */,
				F850061A2B738D78007AB351 /* TermsVC.swift */,
			);
			path = Terms;
			sourceTree = "<group>";
		};
		F85344ED2B5F710A001EADE6 = {
			isa = PBXGroup;
			children = (
				F85344F82B5F710A001EADE6 /* GNUting */,
				F85344F72B5F710A001EADE6 /* Products */,
			);
			sourceTree = "<group>";
		};
		F85344F72B5F710A001EADE6 /* Products */ = {
			isa = PBXGroup;
			children = (
				F85344F62B5F710A001EADE6 /* GNUting.app */,
			);
			name = Products;
			sourceTree = "<group>";
		};
		F85344F82B5F710A001EADE6 /* GNUting */ = {
			isa = PBXGroup;
			children = (
				F8BE89D82B807646008E6767 /* TabBarController.swift */,
				F853452F2B5F88AD001EADE6 /* Common */,
				F853452E2B5F88A8001EADE6 /* Start */,
				F8A15E912B60CE6B001DE5E4 /* Login */,
				F8A15E982B60F0C4001DE5E4 /* FindPassword */,
				F85006172B738D48007AB351 /* SignUp */,
				F85345192B5F79E2001EADE6 /* Font */,
				F85345302B5F88CC001EADE6 /* Extension */,
				F8BE89DA2B807668008E6767 /* Home */,
				F8BE89DB2B807678008E6767 /* RequestStatus */,
				F8BE89DD2B8076CA008E6767 /* Chat */,
				F8BE89DC2B8076C4008E6767 /* MyPage */,
				F85344F92B5F710A001EADE6 /* AppDelegate.swift */,
				F85344FB2B5F710A001EADE6 /* SceneDelegate.swift */,
				F85345022B5F710B001EADE6 /* Assets.xcassets */,
				F85345042B5F710B001EADE6 /* LaunchScreen.storyboard */,
				F85345072B5F710B001EADE6 /* Info.plist */,
			);
			path = GNUting;
			sourceTree = "<group>";
		};
		F85345192B5F79E2001EADE6 /* Font */ = {
			isa = PBXGroup;
			children = (
				F853452C2B5F80C6001EADE6 /* FontRelate.swift */,
				F853451D2B5F7A49001EADE6 /* Pretendard-Black.otf */,
				F853451E2B5F7A49001EADE6 /* Pretendard-Bold.otf */,
				F853451A2B5F7A49001EADE6 /* Pretendard-ExtraBold.otf */,
				F853451C2B5F7A49001EADE6 /* Pretendard-ExtraLight.otf */,
				F85345202B5F7A49001EADE6 /* Pretendard-Light.otf */,
				F85345212B5F7A49001EADE6 /* Pretendard-Medium.otf */,
				F853451B2B5F7A49001EADE6 /* Pretendard-Regular.otf */,
				F85345222B5F7A49001EADE6 /* Pretendard-SemiBold.otf */,
				F853451F2B5F7A49001EADE6 /* Pretendard-Thin.otf */,
			);
			path = Font;
			sourceTree = "<group>";
		};
		F853452E2B5F88A8001EADE6 /* Start */ = {
			isa = PBXGroup;
			children = (
				F85344FD2B5F710A001EADE6 /* AppStartVC.swift */,
			);
			path = Start;
			sourceTree = "<group>";
		};
		F853452F2B5F88AD001EADE6 /* Common */ = {
			isa = PBXGroup;
			children = (
				F85345352B5F8961001EADE6 /* Spacing.swift */,
				F85345372B5F8CB7001EADE6 /* PrimaryColorButton.swift */,
				F8A15E962B60E7B2001DE5E4 /* PaddingTextField.swift */,
				F8BE8A182B820E66008E6767 /* BackButton.swift */,
			);
			path = Common;
			sourceTree = "<group>";
		};
		F85345302B5F88CC001EADE6 /* Extension */ = {
			isa = PBXGroup;
			children = (
				F85345332B5F88FB001EADE6 /* UIView+Extesnion.swift */,
				F8A15E942B60DA40001DE5E4 /* UIStackView+Extesnion.swift */,
				F8A15E9B2B60F427001DE5E4 /* UIViewController+Extension.swift */,
				F862C80F2B622601008120FA /* UILabel+Extension.swift */,
				F850061F2B739488007AB351 /* UIColor+Extension.swift */,
			);
			path = Extension;
			sourceTree = "<group>";
		};
		F8A15E912B60CE6B001DE5E4 /* Login */ = {
			isa = PBXGroup;
			children = (
				F8A15E922B60CE88001DE5E4 /* LoginVC.swift */,
			);
			path = Login;
			sourceTree = "<group>";
		};
		F8A15E982B60F0C4001DE5E4 /* FindPassword */ = {
			isa = PBXGroup;
			children = (
				F8A15E992B60F128001DE5E4 /* FindPasswordVC.swift */,
			);
			path = FindPassword;
			sourceTree = "<group>";
		};
		F8BE89DA2B807668008E6767 /* Home */ = {
			isa = PBXGroup;
			children = (
				F8BE8A152B820BA4008E6767 /* VC */,
				F8BE8A122B82049E008E6767 /* ViewComponent */,
				F8BE8A0F2B820438008E6767 /* Model */,
			);
			path = Home;
			sourceTree = "<group>";
		};
		F8BE89DB2B807678008E6767 /* RequestStatus */ = {
			isa = PBXGroup;
			children = (
				F8BE89E02B80778E008E6767 /* RequestStatusVC.swift */,
			);
			path = RequestStatus;
			sourceTree = "<group>";
		};
		F8BE89DC2B8076C4008E6767 /* MyPage */ = {
			isa = PBXGroup;
			children = (
				F8BE89E42B8078BA008E6767 /* MyPageVC.swift */,
			);
			path = MyPage;
			sourceTree = "<group>";
		};
		F8BE89DD2B8076CA008E6767 /* Chat */ = {
			isa = PBXGroup;
			children = (
				F8BE89E22B8077A9008E6767 /* ChatVC.swift */,
			);
			path = Chat;
			sourceTree = "<group>";
		};
		F8BE8A0F2B820438008E6767 /* Model */ = {
			isa = PBXGroup;
			children = (
				F8BE8A102B820453008E6767 /* DateBoardModel.swift */,
				F8BE8A1C2B821372008E6767 /* DetailDateBoardModel.swift */,
			);
			path = Model;
			sourceTree = "<group>";
		};
		F8BE8A122B82049E008E6767 /* ViewComponent */ = {
			isa = PBXGroup;
			children = (
				F8BE8A1A2B82127A008E6767 /* DetailDateBoardTableViewCell.swift */,
				F8BE8A0B2B81FAE7008E6767 /* AdvertCollectionViewCell.swift */,
				F8BE8A0D2B82031A008E6767 /* DateBoardTableViewCell.swift */,
				F8BE8A132B8207EA008E6767 /* DateBoardTableViewHeader.swift */,
			);
			path = ViewComponent;
			sourceTree = "<group>";
		};
		F8BE8A152B820BA4008E6767 /* VC */ = {
			isa = PBXGroup;
			children = (
				F8BE89DE2B80770F008E6767 /* HomeVC.swift */,
				F8BE8A162B820BBA008E6767 /* DateBoardVC.swift */,
			);
			path = VC;
			sourceTree = "<group>";
		};
/* End PBXGroup section */

/* Begin PBXNativeTarget section */
		F85344F52B5F710A001EADE6 /* GNUting */ = {
			isa = PBXNativeTarget;
			buildConfigurationList = F853450A2B5F710B001EADE6 /* Build configuration list for PBXNativeTarget "GNUting" */;
			buildPhases = (
				F85344F22B5F710A001EADE6 /* Sources */,
				F85344F32B5F710A001EADE6 /* Frameworks */,
				F85344F42B5F710A001EADE6 /* Resources */,
			);
			buildRules = (
			);
			dependencies = (
			);
			name = GNUting;
			packageProductDependencies = (
				F853450E2B5F7152001EADE6 /* SnapKit */,
			);
			productName = GNUting;
			productReference = F85344F62B5F710A001EADE6 /* GNUting.app */;
			productType = "com.apple.product-type.application";
		};
/* End PBXNativeTarget section */

/* Begin PBXProject section */
		F85344EE2B5F710A001EADE6 /* Project object */ = {
			isa = PBXProject;
			attributes = {
				BuildIndependentTargetsInParallel = 1;
				LastSwiftUpdateCheck = 1430;
				LastUpgradeCheck = 1520;
				TargetAttributes = {
					F85344F52B5F710A001EADE6 = {
						CreatedOnToolsVersion = 14.3;
					};
				};
			};
			buildConfigurationList = F85344F12B5F710A001EADE6 /* Build configuration list for PBXProject "GNUting" */;
			compatibilityVersion = "Xcode 14.0";
			developmentRegion = en;
			hasScannedForEncodings = 0;
			knownRegions = (
				en,
				Base,
			);
			mainGroup = F85344ED2B5F710A001EADE6;
			packageReferences = (
				F853450D2B5F7152001EADE6 /* XCRemoteSwiftPackageReference "SnapKit" */,
			);
			productRefGroup = F85344F72B5F710A001EADE6 /* Products */;
			projectDirPath = "";
			projectRoot = "";
			targets = (
				F85344F52B5F710A001EADE6 /* GNUting */,
			);
		};
/* End PBXProject section */

/* Begin PBXResourcesBuildPhase section */
		F85344F42B5F710A001EADE6 /* Resources */ = {
			isa = PBXResourcesBuildPhase;
			buildActionMask = 2147483647;
			files = (
				F853452B2B5F7A49001EADE6 /* Pretendard-SemiBold.otf in Resources */,
				F85345062B5F710B001EADE6 /* LaunchScreen.storyboard in Resources */,
				F853452A2B5F7A49001EADE6 /* Pretendard-Medium.otf in Resources */,
				F85345242B5F7A49001EADE6 /* Pretendard-Regular.otf in Resources */,
				F85345272B5F7A49001EADE6 /* Pretendard-Bold.otf in Resources */,
				F85345282B5F7A49001EADE6 /* Pretendard-Thin.otf in Resources */,
				F85345252B5F7A49001EADE6 /* Pretendard-ExtraLight.otf in Resources */,
				F85345032B5F710B001EADE6 /* Assets.xcassets in Resources */,
				F85345262B5F7A49001EADE6 /* Pretendard-Black.otf in Resources */,
				F85345232B5F7A49001EADE6 /* Pretendard-ExtraBold.otf in Resources */,
				F85345292B5F7A49001EADE6 /* Pretendard-Light.otf in Resources */,
			);
			runOnlyForDeploymentPostprocessing = 0;
		};
/* End PBXResourcesBuildPhase section */

/* Begin PBXSourcesBuildPhase section */
		F85344F22B5F710A001EADE6 /* Sources */ = {
			isa = PBXSourcesBuildPhase;
			buildActionMask = 2147483647;
			files = (
				F8BE8A112B820453008E6767 /* DateBoardModel.swift in Sources */,
				F8235CEB2B74A40900E49073 /* SignUpFirstProcessVC.swift in Sources */,
				F85345362B5F8961001EADE6 /* Spacing.swift in Sources */,
				F85006242B739C9D007AB351 /* AllCheckTermsView.swift in Sources */,
				F8A15E9C2B60F427001DE5E4 /* UIViewController+Extension.swift in Sources */,
				F8A15E972B60E7B2001DE5E4 /* PaddingTextField.swift in Sources */,
				F85345342B5F88FB001EADE6 /* UIView+Extesnion.swift in Sources */,
				F8235CE82B74A14000E49073 /* SignUPInpuView.swift in Sources */,
				F85345382B5F8CB7001EADE6 /* PrimaryColorButton.swift in Sources */,
				F8BE89E32B8077A9008E6767 /* ChatVC.swift in Sources */,
				F8A15E952B60DA40001DE5E4 /* UIStackView+Extesnion.swift in Sources */,
				F8BE8A0C2B81FAE7008E6767 /* AdvertCollectionViewCell.swift in Sources */,
				F8BE8A142B8207EA008E6767 /* DateBoardTableViewHeader.swift in Sources */,
				F850061E2B738FD7007AB351 /* TermsTableViewCell.swift in Sources */,
				F8BE89E12B80778E008E6767 /* RequestStatusVC.swift in Sources */,
				F8BE8A172B820BBA008E6767 /* DateBoardVC.swift in Sources */,
				F85006202B739488007AB351 /* UIColor+Extension.swift in Sources */,
				F8235CF42B74B77900E49073 /* SelectGenderView.swift in Sources */,
				F85344FE2B5F710A001EADE6 /* AppStartVC.swift in Sources */,
				F8BE8A192B820E66008E6767 /* BackButton.swift in Sources */,
				F8235CF12B74B54100E49073 /* SignUPSecondProcessVC.swift in Sources */,
				F85344FA2B5F710A001EADE6 /* AppDelegate.swift in Sources */,
				F8A15E932B60CE88001DE5E4 /* LoginVC.swift in Sources */,
				F8235CFD2B78C8D300E49073 /* SighUpThirdProcessVC.swift in Sources */,
				F8BE8A1D2B821372008E6767 /* DetailDateBoardModel.swift in Sources */,
				F8BE8A0E2B82031A008E6767 /* DateBoardTableViewCell.swift in Sources */,
				F8BE89DF2B80770F008E6767 /* HomeVC.swift in Sources */,
				F8235CF62B764AD700E49073 /* SelectDateView.swift in Sources */,
				F8BE89D92B807646008E6767 /* TabBarController.swift in Sources */,
				F8A15E9A2B60F128001DE5E4 /* FindPasswordVC.swift in Sources */,
				F8BE8A1B2B82127A008E6767 /* DetailDateBoardTableViewCell.swift in Sources */,
				F8BE89E52B8078BA008E6767 /* MyPageVC.swift in Sources */,
				F862C8102B622601008120FA /* UILabel+Extension.swift in Sources */,
				F85344FC2B5F710A001EADE6 /* SceneDelegate.swift in Sources */,
				F850061B2B738D78007AB351 /* TermsVC.swift in Sources */,
				F853452D2B5F80C6001EADE6 /* FontRelate.swift in Sources */,
				F8235CF92B765E2200E49073 /* DateModel.swift in Sources */,
			);
			runOnlyForDeploymentPostprocessing = 0;
		};
/* End PBXSourcesBuildPhase section */

/* Begin PBXVariantGroup section */
		F85345042B5F710B001EADE6 /* LaunchScreen.storyboard */ = {
			isa = PBXVariantGroup;
			children = (
				F85345052B5F710B001EADE6 /* Base */,
			);
			name = LaunchScreen.storyboard;
			sourceTree = "<group>";
		};
/* End PBXVariantGroup section */

/* Begin XCBuildConfiguration section */
		F85345082B5F710B001EADE6 /* Debug */ = {
			isa = XCBuildConfiguration;
			buildSettings = {
				ALWAYS_SEARCH_USER_PATHS = NO;
				CLANG_ANALYZER_NONNULL = YES;
				CLANG_ANALYZER_NUMBER_OBJECT_CONVERSION = YES_AGGRESSIVE;
				CLANG_CXX_LANGUAGE_STANDARD = "gnu++20";
				CLANG_ENABLE_MODULES = YES;
				CLANG_ENABLE_OBJC_ARC = YES;
				CLANG_ENABLE_OBJC_WEAK = YES;
				CLANG_WARN_BLOCK_CAPTURE_AUTORELEASING = YES;
				CLANG_WARN_BOOL_CONVERSION = YES;
				CLANG_WARN_COMMA = YES;
				CLANG_WARN_CONSTANT_CONVERSION = YES;
				CLANG_WARN_DEPRECATED_OBJC_IMPLEMENTATIONS = YES;
				CLANG_WARN_DIRECT_OBJC_ISA_USAGE = YES_ERROR;
				CLANG_WARN_DOCUMENTATION_COMMENTS = YES;
				CLANG_WARN_EMPTY_BODY = YES;
				CLANG_WARN_ENUM_CONVERSION = YES;
				CLANG_WARN_INFINITE_RECURSION = YES;
				CLANG_WARN_INT_CONVERSION = YES;
				CLANG_WARN_NON_LITERAL_NULL_CONVERSION = YES;
				CLANG_WARN_OBJC_IMPLICIT_RETAIN_SELF = YES;
				CLANG_WARN_OBJC_LITERAL_CONVERSION = YES;
				CLANG_WARN_OBJC_ROOT_CLASS = YES_ERROR;
				CLANG_WARN_QUOTED_INCLUDE_IN_FRAMEWORK_HEADER = YES;
				CLANG_WARN_RANGE_LOOP_ANALYSIS = YES;
				CLANG_WARN_STRICT_PROTOTYPES = YES;
				CLANG_WARN_SUSPICIOUS_MOVE = YES;
				CLANG_WARN_UNGUARDED_AVAILABILITY = YES_AGGRESSIVE;
				CLANG_WARN_UNREACHABLE_CODE = YES;
				CLANG_WARN__DUPLICATE_METHOD_MATCH = YES;
				COPY_PHASE_STRIP = NO;
				DEBUG_INFORMATION_FORMAT = dwarf;
				ENABLE_STRICT_OBJC_MSGSEND = YES;
				ENABLE_TESTABILITY = YES;
				ENABLE_USER_SCRIPT_SANDBOXING = YES;
				GCC_C_LANGUAGE_STANDARD = gnu11;
				GCC_DYNAMIC_NO_PIC = NO;
				GCC_NO_COMMON_BLOCKS = YES;
				GCC_OPTIMIZATION_LEVEL = 0;
				GCC_PREPROCESSOR_DEFINITIONS = (
					"DEBUG=1",
					"$(inherited)",
				);
				GCC_WARN_64_TO_32_BIT_CONVERSION = YES;
				GCC_WARN_ABOUT_RETURN_TYPE = YES_ERROR;
				GCC_WARN_UNDECLARED_SELECTOR = YES;
				GCC_WARN_UNINITIALIZED_AUTOS = YES_AGGRESSIVE;
				GCC_WARN_UNUSED_FUNCTION = YES;
				GCC_WARN_UNUSED_VARIABLE = YES;
				IPHONEOS_DEPLOYMENT_TARGET = 17.0;
				MTL_ENABLE_DEBUG_INFO = INCLUDE_SOURCE;
				MTL_FAST_MATH = YES;
				ONLY_ACTIVE_ARCH = YES;
				SDKROOT = iphoneos;
				SWIFT_ACTIVE_COMPILATION_CONDITIONS = DEBUG;
				SWIFT_OPTIMIZATION_LEVEL = "-Onone";
			};
			name = Debug;
		};
		F85345092B5F710B001EADE6 /* Release */ = {
			isa = XCBuildConfiguration;
			buildSettings = {
				ALWAYS_SEARCH_USER_PATHS = NO;
				CLANG_ANALYZER_NONNULL = YES;
				CLANG_ANALYZER_NUMBER_OBJECT_CONVERSION = YES_AGGRESSIVE;
				CLANG_CXX_LANGUAGE_STANDARD = "gnu++20";
				CLANG_ENABLE_MODULES = YES;
				CLANG_ENABLE_OBJC_ARC = YES;
				CLANG_ENABLE_OBJC_WEAK = YES;
				CLANG_WARN_BLOCK_CAPTURE_AUTORELEASING = YES;
				CLANG_WARN_BOOL_CONVERSION = YES;
				CLANG_WARN_COMMA = YES;
				CLANG_WARN_CONSTANT_CONVERSION = YES;
				CLANG_WARN_DEPRECATED_OBJC_IMPLEMENTATIONS = YES;
				CLANG_WARN_DIRECT_OBJC_ISA_USAGE = YES_ERROR;
				CLANG_WARN_DOCUMENTATION_COMMENTS = YES;
				CLANG_WARN_EMPTY_BODY = YES;
				CLANG_WARN_ENUM_CONVERSION = YES;
				CLANG_WARN_INFINITE_RECURSION = YES;
				CLANG_WARN_INT_CONVERSION = YES;
				CLANG_WARN_NON_LITERAL_NULL_CONVERSION = YES;
				CLANG_WARN_OBJC_IMPLICIT_RETAIN_SELF = YES;
				CLANG_WARN_OBJC_LITERAL_CONVERSION = YES;
				CLANG_WARN_OBJC_ROOT_CLASS = YES_ERROR;
				CLANG_WARN_QUOTED_INCLUDE_IN_FRAMEWORK_HEADER = YES;
				CLANG_WARN_RANGE_LOOP_ANALYSIS = YES;
				CLANG_WARN_STRICT_PROTOTYPES = YES;
				CLANG_WARN_SUSPICIOUS_MOVE = YES;
				CLANG_WARN_UNGUARDED_AVAILABILITY = YES_AGGRESSIVE;
				CLANG_WARN_UNREACHABLE_CODE = YES;
				CLANG_WARN__DUPLICATE_METHOD_MATCH = YES;
				COPY_PHASE_STRIP = NO;
				DEBUG_INFORMATION_FORMAT = "dwarf-with-dsym";
				ENABLE_NS_ASSERTIONS = NO;
				ENABLE_STRICT_OBJC_MSGSEND = YES;
				ENABLE_USER_SCRIPT_SANDBOXING = YES;
				GCC_C_LANGUAGE_STANDARD = gnu11;
				GCC_NO_COMMON_BLOCKS = YES;
				GCC_WARN_64_TO_32_BIT_CONVERSION = YES;
				GCC_WARN_ABOUT_RETURN_TYPE = YES_ERROR;
				GCC_WARN_UNDECLARED_SELECTOR = YES;
				GCC_WARN_UNINITIALIZED_AUTOS = YES_AGGRESSIVE;
				GCC_WARN_UNUSED_FUNCTION = YES;
				GCC_WARN_UNUSED_VARIABLE = YES;
				IPHONEOS_DEPLOYMENT_TARGET = 17.0;
				MTL_ENABLE_DEBUG_INFO = NO;
				MTL_FAST_MATH = YES;
				SDKROOT = iphoneos;
				SWIFT_COMPILATION_MODE = wholemodule;
				SWIFT_OPTIMIZATION_LEVEL = "-O";
				VALIDATE_PRODUCT = YES;
			};
			name = Release;
		};
		F853450B2B5F710B001EADE6 /* Debug */ = {
			isa = XCBuildConfiguration;
			buildSettings = {
				ASSETCATALOG_COMPILER_APPICON_NAME = AppIcon;
				ASSETCATALOG_COMPILER_GLOBAL_ACCENT_COLOR_NAME = AccentColor;
				CODE_SIGN_STYLE = Automatic;
				CURRENT_PROJECT_VERSION = 1;
				DEVELOPMENT_TEAM = 4G47XHXXQX;
				GENERATE_INFOPLIST_FILE = YES;
				INFOPLIST_FILE = GNUting/Info.plist;
				INFOPLIST_KEY_UIApplicationSupportsIndirectInputEvents = YES;
				INFOPLIST_KEY_UILaunchStoryboardName = LaunchScreen;
				INFOPLIST_KEY_UISupportedInterfaceOrientations_iPad = "UIInterfaceOrientationPortrait UIInterfaceOrientationPortraitUpsideDown UIInterfaceOrientationLandscapeLeft UIInterfaceOrientationLandscapeRight";
				INFOPLIST_KEY_UISupportedInterfaceOrientations_iPhone = "UIInterfaceOrientationPortrait UIInterfaceOrientationLandscapeLeft UIInterfaceOrientationLandscapeRight";
				LD_RUNPATH_SEARCH_PATHS = (
					"$(inherited)",
					"@executable_path/Frameworks",
				);
				MARKETING_VERSION = 1.0;
				PRODUCT_BUNDLE_IDENTIFIER = com.GNUGoF.GNUting;
				PRODUCT_NAME = "$(TARGET_NAME)";
				SWIFT_EMIT_LOC_STRINGS = YES;
				SWIFT_VERSION = 5.0;
				TARGETED_DEVICE_FAMILY = "1,2";
			};
			name = Debug;
		};
		F853450C2B5F710B001EADE6 /* Release */ = {
			isa = XCBuildConfiguration;
			buildSettings = {
				ASSETCATALOG_COMPILER_APPICON_NAME = AppIcon;
				ASSETCATALOG_COMPILER_GLOBAL_ACCENT_COLOR_NAME = AccentColor;
				CODE_SIGN_STYLE = Automatic;
				CURRENT_PROJECT_VERSION = 1;
				DEVELOPMENT_TEAM = 4G47XHXXQX;
				GENERATE_INFOPLIST_FILE = YES;
				INFOPLIST_FILE = GNUting/Info.plist;
				INFOPLIST_KEY_UIApplicationSupportsIndirectInputEvents = YES;
				INFOPLIST_KEY_UILaunchStoryboardName = LaunchScreen;
				INFOPLIST_KEY_UISupportedInterfaceOrientations_iPad = "UIInterfaceOrientationPortrait UIInterfaceOrientationPortraitUpsideDown UIInterfaceOrientationLandscapeLeft UIInterfaceOrientationLandscapeRight";
				INFOPLIST_KEY_UISupportedInterfaceOrientations_iPhone = "UIInterfaceOrientationPortrait UIInterfaceOrientationLandscapeLeft UIInterfaceOrientationLandscapeRight";
				LD_RUNPATH_SEARCH_PATHS = (
					"$(inherited)",
					"@executable_path/Frameworks",
				);
				MARKETING_VERSION = 1.0;
				PRODUCT_BUNDLE_IDENTIFIER = com.GNUGoF.GNUting;
				PRODUCT_NAME = "$(TARGET_NAME)";
				SWIFT_EMIT_LOC_STRINGS = YES;
				SWIFT_VERSION = 5.0;
				TARGETED_DEVICE_FAMILY = "1,2";
			};
			name = Release;
		};
/* End XCBuildConfiguration section */

/* Begin XCConfigurationList section */
		F85344F12B5F710A001EADE6 /* Build configuration list for PBXProject "GNUting" */ = {
			isa = XCConfigurationList;
			buildConfigurations = (
				F85345082B5F710B001EADE6 /* Debug */,
				F85345092B5F710B001EADE6 /* Release */,
			);
			defaultConfigurationIsVisible = 0;
			defaultConfigurationName = Release;
		};
		F853450A2B5F710B001EADE6 /* Build configuration list for PBXNativeTarget "GNUting" */ = {
			isa = XCConfigurationList;
			buildConfigurations = (
				F853450B2B5F710B001EADE6 /* Debug */,
				F853450C2B5F710B001EADE6 /* Release */,
			);
			defaultConfigurationIsVisible = 0;
			defaultConfigurationName = Release;
		};
/* End XCConfigurationList section */

/* Begin XCRemoteSwiftPackageReference section */
		F853450D2B5F7152001EADE6 /* XCRemoteSwiftPackageReference "SnapKit" */ = {
			isa = XCRemoteSwiftPackageReference;
			repositoryURL = "https://github.com/SnapKit/SnapKit";
			requirement = {
				kind = upToNextMajorVersion;
				minimumVersion = 5.0.0;
			};
		};
/* End XCRemoteSwiftPackageReference section */

/* Begin XCSwiftPackageProductDependency section */
		F853450E2B5F7152001EADE6 /* SnapKit */ = {
			isa = XCSwiftPackageProductDependency;
			package = F853450D2B5F7152001EADE6 /* XCRemoteSwiftPackageReference "SnapKit" */;
			productName = SnapKit;
		};
/* End XCSwiftPackageProductDependency section */
	};
	rootObject = F85344EE2B5F710A001EADE6 /* Project object */;
}
